
Microsoft Visual Studio Solution File, Format Version 12.00
# Visual Studio Version 17
VisualStudioVersion = 17.2.32630.192
MinimumVisualStudioVersion = 10.0.40219.1
Project("{9A19103F-16F7-4668-BE54-9A1E7A4F7556}") = "Benchmark", "Service\Benchmark\Benchmark.csproj", "{BA5F9853-28ED-4418-B687-2F2F1F1CF1B4}"
EndProject
Project("{9A19103F-16F7-4668-BE54-9A1E7A4F7556}") = "Generation", "Service\Generation\Generation.csproj", "{491F0C4B-63F7-445B-91C7-6D8160DEF958}"
EndProject
Project("{9A19103F-16F7-4668-BE54-9A1E7A4F7556}") = "NStar.Core", "Sources\NStar.Core\NStar.Core.csproj", "{0E932ED1-672B-4CD2-9B07-2FBCC816A2BF}"
EndProject
Project("{2150E333-8FDC-42A3-9474-1A3956D46DE8}") = "Элементы решения", "Элементы решения", "{99585F93-044B-49EB-B05A-29D091CDD452}"
	ProjectSection(SolutionItems) = preProject
		.editorconfig = .editorconfig
	EndProjectSection
EndProject
Project("{9A19103F-16F7-4668-BE54-9A1E7A4F7556}") = "Mpir.NET", "Sources\Mpir.NET\Mpir.NET.csproj", "{46445AD7-52C5-4A52-854D-56BD3D15D926}"
EndProject
Project("{6EC3EE1D-3C4E-46DD-8F32-0CC8E7565705}") = "Mpir.NET.Tests", "Tests\Mpir.NET.Tests\Mpir.NET.Tests.fsproj", "{BD041582-C254-4E3E-9E81-03AFC595C11F}"
EndProject
Project("{FAE04EC0-301F-11D3-BF4B-00C04F79EFBC}") = "NStar.BigCollections", "Sources\NStar.BigCollections\NStar.BigCollections.csproj", "{E9C5EDB0-7EDB-4234-8A63-3FCD86CC4F55}"
EndProject
Project("{FAE04EC0-301F-11D3-BF4B-00C04F79EFBC}") = "NStar.BigCollections.Tests", "Tests\NStar.BigCollections.Tests\NStar.BigCollections.Tests.csproj", "{2A94E257-F764-4D05-8EAB-378AC668FC29}"
EndProject
Project("{FAE04EC0-301F-11D3-BF4B-00C04F79EFBC}") = "NStar.Linq", "Sources\NStar.Linq\NStar.Linq.csproj", "{7D5475A4-D7C6-50A5-F95E-87FA74FAB643}"
EndProject
Project("{FAE04EC0-301F-11D3-BF4B-00C04F79EFBC}") = "NStar.MathLib", "Sources\NStar.MathLib\NStar.MathLib.csproj", "{9C705A4E-9D2C-CDFB-6D6F-B975C207D953}"
EndProject
Project("{FAE04EC0-301F-11D3-BF4B-00C04F79EFBC}") = "NStar.Dictionaries", "Sources\NStar.Dictionaries\NStar.Dictionaries.csproj", "{F6C2AD27-484D-B376-42EB-73B78EF2E499}"
EndProject
Project("{FAE04EC0-301F-11D3-BF4B-00C04F79EFBC}") = "NStar.EasyEval", "Sources\NStar.EasyEval\NStar.EasyEval.csproj", "{9D995FBA-3E94-5D95-4AFD-8F1BF9B72359}"
EndProject
Project("{FAE04EC0-301F-11D3-BF4B-00C04F79EFBC}") = "NStar.SumCollections", "Sources\NStar.SumCollections\NStar.SumCollections.csproj", "{89B2BFFF-3132-2973-A3DA-FFC282013EAE}"
EndProject
Project("{FAE04EC0-301F-11D3-BF4B-00C04F79EFBC}") = "NStar.ParallelHS", "Sources\NStar.ParallelHS\NStar.ParallelHS.csproj", "{C5D604E7-C622-6362-9458-3444EBD17F9F}"
EndProject
Project("{FAE04EC0-301F-11D3-BF4B-00C04F79EFBC}") = "NStar.RemoveDoubles", "Sources\NStar.RemoveDoubles\NStar.RemoveDoubles.csproj", "{D3EEB979-608C-1AD9-B487-DC1B5C58C664}"
EndProject
Project("{FAE04EC0-301F-11D3-BF4B-00C04F79EFBC}") = "NStar.SortedSets", "Sources\NStar.SortedSets\NStar.SortedSets.csproj", "{5ED48CC2-C5F4-8690-7083-474644719B7A}"
EndProject
Project("{FAE04EC0-301F-11D3-BF4B-00C04F79EFBC}") = "NStar.TreeSets", "Sources\NStar.TreeSets\NStar.TreeSets.csproj", "{65EEDD47-EB13-563B-F832-2D807DA45134}"
EndProject
Project("{FAE04EC0-301F-11D3-BF4B-00C04F79EFBC}") = "NStar.ExtraReplacing", "Sources\NStar.ExtraReplacing\NStar.ExtraReplacing.csproj", "{1B99D1FE-F455-B4D0-DB39-CD5DFACE6A0C}"
EndProject
Project("{FAE04EC0-301F-11D3-BF4B-00C04F79EFBC}") = "NStar.BufferLib", "Sources\NStar.BufferLib\NStar.BufferLib.csproj", "{BC912F31-E373-BAA2-623A-AB6508955706}"
EndProject
Project("{FAE04EC0-301F-11D3-BF4B-00C04F79EFBC}") = "NStar.Linq.Tests", "Tests\NStar.Linq.Tests\NStar.Linq.Tests.csproj", "{69E3A10B-68C4-7418-C938-200E4C7F77CA}"
EndProject
Project("{FAE04EC0-301F-11D3-BF4B-00C04F79EFBC}") = "NStar.ExtraLibs.Tests", "Tests\NStar.ExtraLibs.Tests\NStar.ExtraLibs.Tests.csproj", "{270A8C9F-3D79-FC81-E5A0-A4B3DE065196}"
EndProject
Project("{FAE04EC0-301F-11D3-BF4B-00C04F79EFBC}") = "NStar.Core.Tests", "Tests\NStar.Core.Tests\NStar.Core.Tests.csproj", "{4ADC51D2-5654-20E0-9968-E28F7B16C648}"
EndProject
Project("{FAE04EC0-301F-11D3-BF4B-00C04F79EFBC}") = "NStar.MathLib.Extras", "Sources\NStar.MathLib.Extras\NStar.MathLib.Extras.csproj", "{519622BE-E897-3912-F392-13FE873F7E79}"
EndProject
Global
	GlobalSection(SolutionConfigurationPlatforms) = preSolution
		Debug|Any CPU = Debug|Any CPU
		Debug|x64 = Debug|x64
		Debug|x86 = Debug|x86
		Release|Any CPU = Release|Any CPU
		Release|x64 = Release|x64
		Release|x86 = Release|x86
	EndGlobalSection
	GlobalSection(ProjectConfigurationPlatforms) = postSolution
		{BA5F9853-28ED-4418-B687-2F2F1F1CF1B4}.Debug|Any CPU.ActiveCfg = Debug|Any CPU
		{BA5F9853-28ED-4418-B687-2F2F1F1CF1B4}.Debug|Any CPU.Build.0 = Debug|Any CPU
		{BA5F9853-28ED-4418-B687-2F2F1F1CF1B4}.Debug|x64.ActiveCfg = Debug|Any CPU
		{BA5F9853-28ED-4418-B687-2F2F1F1CF1B4}.Debug|x64.Build.0 = Debug|Any CPU
		{BA5F9853-28ED-4418-B687-2F2F1F1CF1B4}.Debug|x86.ActiveCfg = Debug|Any CPU
		{BA5F9853-28ED-4418-B687-2F2F1F1CF1B4}.Debug|x86.Build.0 = Debug|Any CPU
		{BA5F9853-28ED-4418-B687-2F2F1F1CF1B4}.Release|Any CPU.ActiveCfg = Release|Any CPU
		{BA5F9853-28ED-4418-B687-2F2F1F1CF1B4}.Release|Any CPU.Build.0 = Release|Any CPU
		{BA5F9853-28ED-4418-B687-2F2F1F1CF1B4}.Release|x64.ActiveCfg = Release|Any CPU
		{BA5F9853-28ED-4418-B687-2F2F1F1CF1B4}.Release|x64.Build.0 = Release|Any CPU
		{BA5F9853-28ED-4418-B687-2F2F1F1CF1B4}.Release|x86.ActiveCfg = Release|Any CPU
		{BA5F9853-28ED-4418-B687-2F2F1F1CF1B4}.Release|x86.Build.0 = Release|Any CPU
		{491F0C4B-63F7-445B-91C7-6D8160DEF958}.Debug|Any CPU.ActiveCfg = Debug|Any CPU
		{491F0C4B-63F7-445B-91C7-6D8160DEF958}.Debug|Any CPU.Build.0 = Debug|Any CPU
		{491F0C4B-63F7-445B-91C7-6D8160DEF958}.Debug|x64.ActiveCfg = Debug|Any CPU
		{491F0C4B-63F7-445B-91C7-6D8160DEF958}.Debug|x64.Build.0 = Debug|Any CPU
		{491F0C4B-63F7-445B-91C7-6D8160DEF958}.Debug|x86.ActiveCfg = Debug|Any CPU
		{491F0C4B-63F7-445B-91C7-6D8160DEF958}.Debug|x86.Build.0 = Debug|Any CPU
		{491F0C4B-63F7-445B-91C7-6D8160DEF958}.Release|Any CPU.ActiveCfg = Release|Any CPU
		{491F0C4B-63F7-445B-91C7-6D8160DEF958}.Release|Any CPU.Build.0 = Release|Any CPU
		{491F0C4B-63F7-445B-91C7-6D8160DEF958}.Release|x64.ActiveCfg = Release|Any CPU
		{491F0C4B-63F7-445B-91C7-6D8160DEF958}.Release|x64.Build.0 = Release|Any CPU
		{491F0C4B-63F7-445B-91C7-6D8160DEF958}.Release|x86.ActiveCfg = Release|Any CPU
		{491F0C4B-63F7-445B-91C7-6D8160DEF958}.Release|x86.Build.0 = Release|Any CPU
		{0E932ED1-672B-4CD2-9B07-2FBCC816A2BF}.Debug|Any CPU.ActiveCfg = Debug|Any CPU
		{0E932ED1-672B-4CD2-9B07-2FBCC816A2BF}.Debug|Any CPU.Build.0 = Debug|Any CPU
		{0E932ED1-672B-4CD2-9B07-2FBCC816A2BF}.Debug|x64.ActiveCfg = Debug|Any CPU
		{0E932ED1-672B-4CD2-9B07-2FBCC816A2BF}.Debug|x64.Build.0 = Debug|Any CPU
		{0E932ED1-672B-4CD2-9B07-2FBCC816A2BF}.Debug|x86.ActiveCfg = Debug|Any CPU
		{0E932ED1-672B-4CD2-9B07-2FBCC816A2BF}.Debug|x86.Build.0 = Debug|Any CPU
		{0E932ED1-672B-4CD2-9B07-2FBCC816A2BF}.Release|Any CPU.ActiveCfg = Release|Any CPU
		{0E932ED1-672B-4CD2-9B07-2FBCC816A2BF}.Release|Any CPU.Build.0 = Release|Any CPU
		{0E932ED1-672B-4CD2-9B07-2FBCC816A2BF}.Release|x64.ActiveCfg = Release|Any CPU
		{0E932ED1-672B-4CD2-9B07-2FBCC816A2BF}.Release|x64.Build.0 = Release|Any CPU
		{0E932ED1-672B-4CD2-9B07-2FBCC816A2BF}.Release|x86.ActiveCfg = Release|Any CPU
		{0E932ED1-672B-4CD2-9B07-2FBCC816A2BF}.Release|x86.Build.0 = Release|Any CPU
		{46445AD7-52C5-4A52-854D-56BD3D15D926}.Debug|Any CPU.ActiveCfg = Debug|Any CPU
		{46445AD7-52C5-4A52-854D-56BD3D15D926}.Debug|Any CPU.Build.0 = Debug|Any CPU
		{46445AD7-52C5-4A52-854D-56BD3D15D926}.Debug|x64.ActiveCfg = Debug|Any CPU
		{46445AD7-52C5-4A52-854D-56BD3D15D926}.Debug|x64.Build.0 = Debug|Any CPU
		{46445AD7-52C5-4A52-854D-56BD3D15D926}.Debug|x86.ActiveCfg = Debug|Any CPU
		{46445AD7-52C5-4A52-854D-56BD3D15D926}.Debug|x86.Build.0 = Debug|Any CPU
		{46445AD7-52C5-4A52-854D-56BD3D15D926}.Release|Any CPU.ActiveCfg = Release|Any CPU
		{46445AD7-52C5-4A52-854D-56BD3D15D926}.Release|Any CPU.Build.0 = Release|Any CPU
		{46445AD7-52C5-4A52-854D-56BD3D15D926}.Release|x64.ActiveCfg = Release|Any CPU
		{46445AD7-52C5-4A52-854D-56BD3D15D926}.Release|x64.Build.0 = Release|Any CPU
		{46445AD7-52C5-4A52-854D-56BD3D15D926}.Release|x86.ActiveCfg = Release|Any CPU
		{46445AD7-52C5-4A52-854D-56BD3D15D926}.Release|x86.Build.0 = Release|Any CPU
		{BD041582-C254-4E3E-9E81-03AFC595C11F}.Debug|Any CPU.ActiveCfg = Debug|Any CPU
		{BD041582-C254-4E3E-9E81-03AFC595C11F}.Debug|Any CPU.Build.0 = Debug|Any CPU
		{BD041582-C254-4E3E-9E81-03AFC595C11F}.Debug|x64.ActiveCfg = Debug|Any CPU
		{BD041582-C254-4E3E-9E81-03AFC595C11F}.Debug|x64.Build.0 = Debug|Any CPU
		{BD041582-C254-4E3E-9E81-03AFC595C11F}.Debug|x86.ActiveCfg = Debug|Any CPU
		{BD041582-C254-4E3E-9E81-03AFC595C11F}.Debug|x86.Build.0 = Debug|Any CPU
		{BD041582-C254-4E3E-9E81-03AFC595C11F}.Release|Any CPU.ActiveCfg = Release|Any CPU
		{BD041582-C254-4E3E-9E81-03AFC595C11F}.Release|Any CPU.Build.0 = Release|Any CPU
		{BD041582-C254-4E3E-9E81-03AFC595C11F}.Release|x64.ActiveCfg = Release|Any CPU
		{BD041582-C254-4E3E-9E81-03AFC595C11F}.Release|x64.Build.0 = Release|Any CPU
		{BD041582-C254-4E3E-9E81-03AFC595C11F}.Release|x86.ActiveCfg = Release|Any CPU
		{BD041582-C254-4E3E-9E81-03AFC595C11F}.Release|x86.Build.0 = Release|Any CPU
		{E9C5EDB0-7EDB-4234-8A63-3FCD86CC4F55}.Debug|Any CPU.ActiveCfg = Debug|Any CPU
		{E9C5EDB0-7EDB-4234-8A63-3FCD86CC4F55}.Debug|Any CPU.Build.0 = Debug|Any CPU
		{E9C5EDB0-7EDB-4234-8A63-3FCD86CC4F55}.Debug|x64.ActiveCfg = Debug|Any CPU
		{E9C5EDB0-7EDB-4234-8A63-3FCD86CC4F55}.Debug|x64.Build.0 = Debug|Any CPU
		{E9C5EDB0-7EDB-4234-8A63-3FCD86CC4F55}.Debug|x86.ActiveCfg = Debug|Any CPU
		{E9C5EDB0-7EDB-4234-8A63-3FCD86CC4F55}.Debug|x86.Build.0 = Debug|Any CPU
		{E9C5EDB0-7EDB-4234-8A63-3FCD86CC4F55}.Release|Any CPU.ActiveCfg = Release|Any CPU
		{E9C5EDB0-7EDB-4234-8A63-3FCD86CC4F55}.Release|Any CPU.Build.0 = Release|Any CPU
		{E9C5EDB0-7EDB-4234-8A63-3FCD86CC4F55}.Release|x64.ActiveCfg = Release|Any CPU
		{E9C5EDB0-7EDB-4234-8A63-3FCD86CC4F55}.Release|x64.Build.0 = Release|Any CPU
		{E9C5EDB0-7EDB-4234-8A63-3FCD86CC4F55}.Release|x86.ActiveCfg = Release|Any CPU
		{E9C5EDB0-7EDB-4234-8A63-3FCD86CC4F55}.Release|x86.Build.0 = Release|Any CPU
		{2A94E257-F764-4D05-8EAB-378AC668FC29}.Debug|Any CPU.ActiveCfg = Debug|Any CPU
		{2A94E257-F764-4D05-8EAB-378AC668FC29}.Debug|Any CPU.Build.0 = Debug|Any CPU
		{2A94E257-F764-4D05-8EAB-378AC668FC29}.Debug|x64.ActiveCfg = Debug|Any CPU
		{2A94E257-F764-4D05-8EAB-378AC668FC29}.Debug|x64.Build.0 = Debug|Any CPU
		{2A94E257-F764-4D05-8EAB-378AC668FC29}.Debug|x86.ActiveCfg = Debug|Any CPU
		{2A94E257-F764-4D05-8EAB-378AC668FC29}.Debug|x86.Build.0 = Debug|Any CPU
		{2A94E257-F764-4D05-8EAB-378AC668FC29}.Release|Any CPU.ActiveCfg = Release|Any CPU
		{2A94E257-F764-4D05-8EAB-378AC668FC29}.Release|Any CPU.Build.0 = Release|Any CPU
		{2A94E257-F764-4D05-8EAB-378AC668FC29}.Release|x64.ActiveCfg = Release|Any CPU
		{2A94E257-F764-4D05-8EAB-378AC668FC29}.Release|x64.Build.0 = Release|Any CPU
		{2A94E257-F764-4D05-8EAB-378AC668FC29}.Release|x86.ActiveCfg = Release|Any CPU
		{2A94E257-F764-4D05-8EAB-378AC668FC29}.Release|x86.Build.0 = Release|Any CPU
		{7D5475A4-D7C6-50A5-F95E-87FA74FAB643}.Debug|Any CPU.ActiveCfg = Debug|Any CPU
		{7D5475A4-D7C6-50A5-F95E-87FA74FAB643}.Debug|Any CPU.Build.0 = Debug|Any CPU
		{7D5475A4-D7C6-50A5-F95E-87FA74FAB643}.Debug|x64.ActiveCfg = Debug|Any CPU
		{7D5475A4-D7C6-50A5-F95E-87FA74FAB643}.Debug|x64.Build.0 = Debug|Any CPU
		{7D5475A4-D7C6-50A5-F95E-87FA74FAB643}.Debug|x86.ActiveCfg = Debug|Any CPU
		{7D5475A4-D7C6-50A5-F95E-87FA74FAB643}.Debug|x86.Build.0 = Debug|Any CPU
		{7D5475A4-D7C6-50A5-F95E-87FA74FAB643}.Release|Any CPU.ActiveCfg = Release|Any CPU
		{7D5475A4-D7C6-50A5-F95E-87FA74FAB643}.Release|Any CPU.Build.0 = Release|Any CPU
		{7D5475A4-D7C6-50A5-F95E-87FA74FAB643}.Release|x64.ActiveCfg = Release|Any CPU
		{7D5475A4-D7C6-50A5-F95E-87FA74FAB643}.Release|x64.Build.0 = Release|Any CPU
		{7D5475A4-D7C6-50A5-F95E-87FA74FAB643}.Release|x86.ActiveCfg = Release|Any CPU
		{7D5475A4-D7C6-50A5-F95E-87FA74FAB643}.Release|x86.Build.0 = Release|Any CPU
		{9C705A4E-9D2C-CDFB-6D6F-B975C207D953}.Debug|Any CPU.ActiveCfg = Debug|Any CPU
		{9C705A4E-9D2C-CDFB-6D6F-B975C207D953}.Debug|Any CPU.Build.0 = Debug|Any CPU
		{9C705A4E-9D2C-CDFB-6D6F-B975C207D953}.Debug|x64.ActiveCfg = Debug|Any CPU
		{9C705A4E-9D2C-CDFB-6D6F-B975C207D953}.Debug|x64.Build.0 = Debug|Any CPU
		{9C705A4E-9D2C-CDFB-6D6F-B975C207D953}.Debug|x86.ActiveCfg = Debug|Any CPU
		{9C705A4E-9D2C-CDFB-6D6F-B975C207D953}.Debug|x86.Build.0 = Debug|Any CPU
		{9C705A4E-9D2C-CDFB-6D6F-B975C207D953}.Release|Any CPU.ActiveCfg = Release|Any CPU
		{9C705A4E-9D2C-CDFB-6D6F-B975C207D953}.Release|Any CPU.Build.0 = Release|Any CPU
		{9C705A4E-9D2C-CDFB-6D6F-B975C207D953}.Release|x64.ActiveCfg = Release|Any CPU
		{9C705A4E-9D2C-CDFB-6D6F-B975C207D953}.Release|x64.Build.0 = Release|Any CPU
		{9C705A4E-9D2C-CDFB-6D6F-B975C207D953}.Release|x86.ActiveCfg = Release|Any CPU
		{9C705A4E-9D2C-CDFB-6D6F-B975C207D953}.Release|x86.Build.0 = Release|Any CPU
		{F6C2AD27-484D-B376-42EB-73B78EF2E499}.Debug|Any CPU.ActiveCfg = Debug|Any CPU
		{F6C2AD27-484D-B376-42EB-73B78EF2E499}.Debug|Any CPU.Build.0 = Debug|Any CPU
		{F6C2AD27-484D-B376-42EB-73B78EF2E499}.Debug|x64.ActiveCfg = Debug|Any CPU
		{F6C2AD27-484D-B376-42EB-73B78EF2E499}.Debug|x64.Build.0 = Debug|Any CPU
		{F6C2AD27-484D-B376-42EB-73B78EF2E499}.Debug|x86.ActiveCfg = Debug|Any CPU
		{F6C2AD27-484D-B376-42EB-73B78EF2E499}.Debug|x86.Build.0 = Debug|Any CPU
		{F6C2AD27-484D-B376-42EB-73B78EF2E499}.Release|Any CPU.ActiveCfg = Release|Any CPU
		{F6C2AD27-484D-B376-42EB-73B78EF2E499}.Release|Any CPU.Build.0 = Release|Any CPU
		{F6C2AD27-484D-B376-42EB-73B78EF2E499}.Release|x64.ActiveCfg = Release|Any CPU
		{F6C2AD27-484D-B376-42EB-73B78EF2E499}.Release|x64.Build.0 = Release|Any CPU
		{F6C2AD27-484D-B376-42EB-73B78EF2E499}.Release|x86.ActiveCfg = Release|Any CPU
		{F6C2AD27-484D-B376-42EB-73B78EF2E499}.Release|x86.Build.0 = Release|Any CPU
		{9D995FBA-3E94-5D95-4AFD-8F1BF9B72359}.Debug|Any CPU.ActiveCfg = Debug|Any CPU
		{9D995FBA-3E94-5D95-4AFD-8F1BF9B72359}.Debug|Any CPU.Build.0 = Debug|Any CPU
		{9D995FBA-3E94-5D95-4AFD-8F1BF9B72359}.Debug|x64.ActiveCfg = Debug|Any CPU
		{9D995FBA-3E94-5D95-4AFD-8F1BF9B72359}.Debug|x64.Build.0 = Debug|Any CPU
		{9D995FBA-3E94-5D95-4AFD-8F1BF9B72359}.Debug|x86.ActiveCfg = Debug|Any CPU
		{9D995FBA-3E94-5D95-4AFD-8F1BF9B72359}.Debug|x86.Build.0 = Debug|Any CPU
		{9D995FBA-3E94-5D95-4AFD-8F1BF9B72359}.Release|Any CPU.ActiveCfg = Release|Any CPU
		{9D995FBA-3E94-5D95-4AFD-8F1BF9B72359}.Release|Any CPU.Build.0 = Release|Any CPU
		{9D995FBA-3E94-5D95-4AFD-8F1BF9B72359}.Release|x64.ActiveCfg = Release|Any CPU
		{9D995FBA-3E94-5D95-4AFD-8F1BF9B72359}.Release|x64.Build.0 = Release|Any CPU
		{9D995FBA-3E94-5D95-4AFD-8F1BF9B72359}.Release|x86.ActiveCfg = Release|Any CPU
		{9D995FBA-3E94-5D95-4AFD-8F1BF9B72359}.Release|x86.Build.0 = Release|Any CPU
		{89B2BFFF-3132-2973-A3DA-FFC282013EAE}.Debug|Any CPU.ActiveCfg = Debug|Any CPU
		{89B2BFFF-3132-2973-A3DA-FFC282013EAE}.Debug|Any CPU.Build.0 = Debug|Any CPU
		{89B2BFFF-3132-2973-A3DA-FFC282013EAE}.Debug|x64.ActiveCfg = Debug|Any CPU
		{89B2BFFF-3132-2973-A3DA-FFC282013EAE}.Debug|x64.Build.0 = Debug|Any CPU
		{89B2BFFF-3132-2973-A3DA-FFC282013EAE}.Debug|x86.ActiveCfg = Debug|Any CPU
		{89B2BFFF-3132-2973-A3DA-FFC282013EAE}.Debug|x86.Build.0 = Debug|Any CPU
		{89B2BFFF-3132-2973-A3DA-FFC282013EAE}.Release|Any CPU.ActiveCfg = Release|Any CPU
		{89B2BFFF-3132-2973-A3DA-FFC282013EAE}.Release|Any CPU.Build.0 = Release|Any CPU
		{89B2BFFF-3132-2973-A3DA-FFC282013EAE}.Release|x64.ActiveCfg = Release|Any CPU
		{89B2BFFF-3132-2973-A3DA-FFC282013EAE}.Release|x64.Build.0 = Release|Any CPU
		{89B2BFFF-3132-2973-A3DA-FFC282013EAE}.Release|x86.ActiveCfg = Release|Any CPU
		{89B2BFFF-3132-2973-A3DA-FFC282013EAE}.Release|x86.Build.0 = Release|Any CPU
		{C5D604E7-C622-6362-9458-3444EBD17F9F}.Debug|Any CPU.ActiveCfg = Debug|Any CPU
		{C5D604E7-C622-6362-9458-3444EBD17F9F}.Debug|Any CPU.Build.0 = Debug|Any CPU
		{C5D604E7-C622-6362-9458-3444EBD17F9F}.Debug|x64.ActiveCfg = Debug|Any CPU
		{C5D604E7-C622-6362-9458-3444EBD17F9F}.Debug|x64.Build.0 = Debug|Any CPU
		{C5D604E7-C622-6362-9458-3444EBD17F9F}.Debug|x86.ActiveCfg = Debug|Any CPU
		{C5D604E7-C622-6362-9458-3444EBD17F9F}.Debug|x86.Build.0 = Debug|Any CPU
		{C5D604E7-C622-6362-9458-3444EBD17F9F}.Release|Any CPU.ActiveCfg = Release|Any CPU
		{C5D604E7-C622-6362-9458-3444EBD17F9F}.Release|Any CPU.Build.0 = Release|Any CPU
		{C5D604E7-C622-6362-9458-3444EBD17F9F}.Release|x64.ActiveCfg = Release|Any CPU
		{C5D604E7-C622-6362-9458-3444EBD17F9F}.Release|x64.Build.0 = Release|Any CPU
		{C5D604E7-C622-6362-9458-3444EBD17F9F}.Release|x86.ActiveCfg = Release|Any CPU
		{C5D604E7-C622-6362-9458-3444EBD17F9F}.Release|x86.Build.0 = Release|Any CPU
		{D3EEB979-608C-1AD9-B487-DC1B5C58C664}.Debug|Any CPU.ActiveCfg = Debug|Any CPU
		{D3EEB979-608C-1AD9-B487-DC1B5C58C664}.Debug|Any CPU.Build.0 = Debug|Any CPU
		{D3EEB979-608C-1AD9-B487-DC1B5C58C664}.Debug|x64.ActiveCfg = Debug|Any CPU
		{D3EEB979-608C-1AD9-B487-DC1B5C58C664}.Debug|x64.Build.0 = Debug|Any CPU
		{D3EEB979-608C-1AD9-B487-DC1B5C58C664}.Debug|x86.ActiveCfg = Debug|Any CPU
		{D3EEB979-608C-1AD9-B487-DC1B5C58C664}.Debug|x86.Build.0 = Debug|Any CPU
		{D3EEB979-608C-1AD9-B487-DC1B5C58C664}.Release|Any CPU.ActiveCfg = Release|Any CPU
		{D3EEB979-608C-1AD9-B487-DC1B5C58C664}.Release|Any CPU.Build.0 = Release|Any CPU
		{D3EEB979-608C-1AD9-B487-DC1B5C58C664}.Release|x64.ActiveCfg = Release|Any CPU
		{D3EEB979-608C-1AD9-B487-DC1B5C58C664}.Release|x64.Build.0 = Release|Any CPU
		{D3EEB979-608C-1AD9-B487-DC1B5C58C664}.Release|x86.ActiveCfg = Release|Any CPU
		{D3EEB979-608C-1AD9-B487-DC1B5C58C664}.Release|x86.Build.0 = Release|Any CPU
		{5ED48CC2-C5F4-8690-7083-474644719B7A}.Debug|Any CPU.ActiveCfg = Debug|Any CPU
		{5ED48CC2-C5F4-8690-7083-474644719B7A}.Debug|Any CPU.Build.0 = Debug|Any CPU
		{5ED48CC2-C5F4-8690-7083-474644719B7A}.Debug|x64.ActiveCfg = Debug|Any CPU
		{5ED48CC2-C5F4-8690-7083-474644719B7A}.Debug|x64.Build.0 = Debug|Any CPU
		{5ED48CC2-C5F4-8690-7083-474644719B7A}.Debug|x86.ActiveCfg = Debug|Any CPU
		{5ED48CC2-C5F4-8690-7083-474644719B7A}.Debug|x86.Build.0 = Debug|Any CPU
		{5ED48CC2-C5F4-8690-7083-474644719B7A}.Release|Any CPU.ActiveCfg = Release|Any CPU
		{5ED48CC2-C5F4-8690-7083-474644719B7A}.Release|Any CPU.Build.0 = Release|Any CPU
		{5ED48CC2-C5F4-8690-7083-474644719B7A}.Release|x64.ActiveCfg = Release|Any CPU
		{5ED48CC2-C5F4-8690-7083-474644719B7A}.Release|x64.Build.0 = Release|Any CPU
		{5ED48CC2-C5F4-8690-7083-474644719B7A}.Release|x86.ActiveCfg = Release|Any CPU
		{5ED48CC2-C5F4-8690-7083-474644719B7A}.Release|x86.Build.0 = Release|Any CPU
		{65EEDD47-EB13-563B-F832-2D807DA45134}.Debug|Any CPU.ActiveCfg = Debug|Any CPU
		{65EEDD47-EB13-563B-F832-2D807DA45134}.Debug|Any CPU.Build.0 = Debug|Any CPU
		{65EEDD47-EB13-563B-F832-2D807DA45134}.Debug|x64.ActiveCfg = Debug|Any CPU
		{65EEDD47-EB13-563B-F832-2D807DA45134}.Debug|x64.Build.0 = Debug|Any CPU
		{65EEDD47-EB13-563B-F832-2D807DA45134}.Debug|x86.ActiveCfg = Debug|Any CPU
		{65EEDD47-EB13-563B-F832-2D807DA45134}.Debug|x86.Build.0 = Debug|Any CPU
		{65EEDD47-EB13-563B-F832-2D807DA45134}.Release|Any CPU.ActiveCfg = Release|Any CPU
		{65EEDD47-EB13-563B-F832-2D807DA45134}.Release|Any CPU.Build.0 = Release|Any CPU
		{65EEDD47-EB13-563B-F832-2D807DA45134}.Release|x64.ActiveCfg = Release|Any CPU
		{65EEDD47-EB13-563B-F832-2D807DA45134}.Release|x64.Build.0 = Release|Any CPU
		{65EEDD47-EB13-563B-F832-2D807DA45134}.Release|x86.ActiveCfg = Release|Any CPU
		{65EEDD47-EB13-563B-F832-2D807DA45134}.Release|x86.Build.0 = Release|Any CPU
		{1B99D1FE-F455-B4D0-DB39-CD5DFACE6A0C}.Debug|Any CPU.ActiveCfg = Debug|Any CPU
		{1B99D1FE-F455-B4D0-DB39-CD5DFACE6A0C}.Debug|Any CPU.Build.0 = Debug|Any CPU
		{1B99D1FE-F455-B4D0-DB39-CD5DFACE6A0C}.Debug|x64.ActiveCfg = Debug|Any CPU
		{1B99D1FE-F455-B4D0-DB39-CD5DFACE6A0C}.Debug|x64.Build.0 = Debug|Any CPU
		{1B99D1FE-F455-B4D0-DB39-CD5DFACE6A0C}.Debug|x86.ActiveCfg = Debug|Any CPU
		{1B99D1FE-F455-B4D0-DB39-CD5DFACE6A0C}.Debug|x86.Build.0 = Debug|Any CPU
		{1B99D1FE-F455-B4D0-DB39-CD5DFACE6A0C}.Release|Any CPU.ActiveCfg = Release|Any CPU
		{1B99D1FE-F455-B4D0-DB39-CD5DFACE6A0C}.Release|Any CPU.Build.0 = Release|Any CPU
		{1B99D1FE-F455-B4D0-DB39-CD5DFACE6A0C}.Release|x64.ActiveCfg = Release|Any CPU
		{1B99D1FE-F455-B4D0-DB39-CD5DFACE6A0C}.Release|x64.Build.0 = Release|Any CPU
		{1B99D1FE-F455-B4D0-DB39-CD5DFACE6A0C}.Release|x86.ActiveCfg = Release|Any CPU
		{1B99D1FE-F455-B4D0-DB39-CD5DFACE6A0C}.Release|x86.Build.0 = Release|Any CPU
		{BC912F31-E373-BAA2-623A-AB6508955706}.Debug|Any CPU.ActiveCfg = Debug|Any CPU
		{BC912F31-E373-BAA2-623A-AB6508955706}.Debug|Any CPU.Build.0 = Debug|Any CPU
		{BC912F31-E373-BAA2-623A-AB6508955706}.Debug|x64.ActiveCfg = Debug|Any CPU
		{BC912F31-E373-BAA2-623A-AB6508955706}.Debug|x64.Build.0 = Debug|Any CPU
		{BC912F31-E373-BAA2-623A-AB6508955706}.Debug|x86.ActiveCfg = Debug|Any CPU
		{BC912F31-E373-BAA2-623A-AB6508955706}.Debug|x86.Build.0 = Debug|Any CPU
		{BC912F31-E373-BAA2-623A-AB6508955706}.Release|Any CPU.ActiveCfg = Release|Any CPU
		{BC912F31-E373-BAA2-623A-AB6508955706}.Release|Any CPU.Build.0 = Release|Any CPU
		{BC912F31-E373-BAA2-623A-AB6508955706}.Release|x64.ActiveCfg = Release|Any CPU
		{BC912F31-E373-BAA2-623A-AB6508955706}.Release|x64.Build.0 = Release|Any CPU
		{BC912F31-E373-BAA2-623A-AB6508955706}.Release|x86.ActiveCfg = Release|Any CPU
		{BC912F31-E373-BAA2-623A-AB6508955706}.Release|x86.Build.0 = Release|Any CPU
		{69E3A10B-68C4-7418-C938-200E4C7F77CA}.Debug|Any CPU.ActiveCfg = Debug|Any CPU
		{69E3A10B-68C4-7418-C938-200E4C7F77CA}.Debug|Any CPU.Build.0 = Debug|Any CPU
		{69E3A10B-68C4-7418-C938-200E4C7F77CA}.Debug|x64.ActiveCfg = Debug|Any CPU
		{69E3A10B-68C4-7418-C938-200E4C7F77CA}.Debug|x64.Build.0 = Debug|Any CPU
		{69E3A10B-68C4-7418-C938-200E4C7F77CA}.Debug|x86.ActiveCfg = Debug|Any CPU
		{69E3A10B-68C4-7418-C938-200E4C7F77CA}.Debug|x86.Build.0 = Debug|Any CPU
		{69E3A10B-68C4-7418-C938-200E4C7F77CA}.Release|Any CPU.ActiveCfg = Release|Any CPU
		{69E3A10B-68C4-7418-C938-200E4C7F77CA}.Release|Any CPU.Build.0 = Release|Any CPU
		{69E3A10B-68C4-7418-C938-200E4C7F77CA}.Release|x64.ActiveCfg = Release|Any CPU
		{69E3A10B-68C4-7418-C938-200E4C7F77CA}.Release|x64.Build.0 = Release|Any CPU
		{69E3A10B-68C4-7418-C938-200E4C7F77CA}.Release|x86.ActiveCfg = Release|Any CPU
		{69E3A10B-68C4-7418-C938-200E4C7F77CA}.Release|x86.Build.0 = Release|Any CPU
		{270A8C9F-3D79-FC81-E5A0-A4B3DE065196}.Debug|Any CPU.ActiveCfg = Debug|Any CPU
		{270A8C9F-3D79-FC81-E5A0-A4B3DE065196}.Debug|Any CPU.Build.0 = Debug|Any CPU
		{270A8C9F-3D79-FC81-E5A0-A4B3DE065196}.Debug|x64.ActiveCfg = Debug|Any CPU
		{270A8C9F-3D79-FC81-E5A0-A4B3DE065196}.Debug|x64.Build.0 = Debug|Any CPU
		{270A8C9F-3D79-FC81-E5A0-A4B3DE065196}.Debug|x86.ActiveCfg = Debug|Any CPU
		{270A8C9F-3D79-FC81-E5A0-A4B3DE065196}.Debug|x86.Build.0 = Debug|Any CPU
		{270A8C9F-3D79-FC81-E5A0-A4B3DE065196}.Release|Any CPU.ActiveCfg = Release|Any CPU
		{270A8C9F-3D79-FC81-E5A0-A4B3DE065196}.Release|Any CPU.Build.0 = Release|Any CPU
		{270A8C9F-3D79-FC81-E5A0-A4B3DE065196}.Release|x64.ActiveCfg = Release|Any CPU
		{270A8C9F-3D79-FC81-E5A0-A4B3DE065196}.Release|x64.Build.0 = Release|Any CPU
		{270A8C9F-3D79-FC81-E5A0-A4B3DE065196}.Release|x86.ActiveCfg = Release|Any CPU
		{270A8C9F-3D79-FC81-E5A0-A4B3DE065196}.Release|x86.Build.0 = Release|Any CPU
		{4ADC51D2-5654-20E0-9968-E28F7B16C648}.Debug|Any CPU.ActiveCfg = Debug|Any CPU
		{4ADC51D2-5654-20E0-9968-E28F7B16C648}.Debug|Any CPU.Build.0 = Debug|Any CPU
		{4ADC51D2-5654-20E0-9968-E28F7B16C648}.Debug|x64.ActiveCfg = Debug|Any CPU
		{4ADC51D2-5654-20E0-9968-E28F7B16C648}.Debug|x64.Build.0 = Debug|Any CPU
		{4ADC51D2-5654-20E0-9968-E28F7B16C648}.Debug|x86.ActiveCfg = Debug|Any CPU
		{4ADC51D2-5654-20E0-9968-E28F7B16C648}.Debug|x86.Build.0 = Debug|Any CPU
		{4ADC51D2-5654-20E0-9968-E28F7B16C648}.Release|Any CPU.ActiveCfg = Release|Any CPU
		{4ADC51D2-5654-20E0-9968-E28F7B16C648}.Release|Any CPU.Build.0 = Release|Any CPU
		{4ADC51D2-5654-20E0-9968-E28F7B16C648}.Release|x64.ActiveCfg = Release|Any CPU
		{4ADC51D2-5654-20E0-9968-E28F7B16C648}.Release|x64.Build.0 = Release|Any CPU
		{4ADC51D2-5654-20E0-9968-E28F7B16C648}.Release|x86.ActiveCfg = Release|Any CPU
		{4ADC51D2-5654-20E0-9968-E28F7B16C648}.Release|x86.Build.0 = Release|Any CPU
		{519622BE-E897-3912-F392-13FE873F7E79}.Debug|Any CPU.ActiveCfg = Debug|Any CPU
		{519622BE-E897-3912-F392-13FE873F7E79}.Debug|Any CPU.Build.0 = Debug|Any CPU
		{519622BE-E897-3912-F392-13FE873F7E79}.Debug|x64.ActiveCfg = Debug|Any CPU
		{519622BE-E897-3912-F392-13FE873F7E79}.Debug|x64.Build.0 = Debug|Any CPU
		{519622BE-E897-3912-F392-13FE873F7E79}.Debug|x86.ActiveCfg = Debug|Any CPU
		{519622BE-E897-3912-F392-13FE873F7E79}.Debug|x86.Build.0 = Debug|Any CPU
		{519622BE-E897-3912-F392-13FE873F7E79}.Release|Any CPU.ActiveCfg = Release|Any CPU
		{519622BE-E897-3912-F392-13FE873F7E79}.Release|Any CPU.Build.0 = Release|Any CPU
		{519622BE-E897-3912-F392-13FE873F7E79}.Release|x64.ActiveCfg = Release|Any CPU
		{519622BE-E897-3912-F392-13FE873F7E79}.Release|x64.Build.0 = Release|Any CPU
		{519622BE-E897-3912-F392-13FE873F7E79}.Release|x86.ActiveCfg = Release|Any CPU
		{519622BE-E897-3912-F392-13FE873F7E79}.Release|x86.Build.0 = Release|Any CPU
	EndGlobalSection
	GlobalSection(SolutionProperties) = preSolution
		HideSolutionNode = FALSE
	EndGlobalSection
	GlobalSection(ExtensibilityGlobals) = postSolution
		SolutionGuid = {4EEDD096-F4AD-4103-91D8-683BD3CD85D3}
	EndGlobalSection
EndGlobal
