
Microsoft Visual Studio Solution File, Format Version 12.00
# Visual Studio Version 17
VisualStudioVersion = 17.2.32630.192
MinimumVisualStudioVersion = 10.0.40219.1
Project("{9A19103F-16F7-4668-BE54-9A1E7A4F7556}") = "Benchmark", "Benchmark\Benchmark.csproj", "{BA5F9853-28ED-4418-B687-2F2F1F1CF1B4}"
EndProject
Project("{9A19103F-16F7-4668-BE54-9A1E7A4F7556}") = "Generation", "Generation\Generation.csproj", "{491F0C4B-63F7-445B-91C7-6D8160DEF958}"
EndProject
Project("{9A19103F-16F7-4668-BE54-9A1E7A4F7556}") = "Corlib.NStar.Tests", "Corlib .NStar Tests\Corlib.NStar.Tests.csproj", "{460E3324-6153-4F5B-876E-2E430C765F92}"
EndProject
Project("{9A19103F-16F7-4668-BE54-9A1E7A4F7556}") = "Corlib.NStar", "Corlib.NStar\Corlib.NStar.csproj", "{0E932ED1-672B-4CD2-9B07-2FBCC816A2BF}"
EndProject
Project("{8BC9CEB8-8B4A-11D0-8D11-00A0C91BC942}") = "Native.NStar", "Native.NStar\Native.NStar.vcxproj", "{AB810333-1825-4E67-82B9-4FA84A9A3B25}"
EndProject
Global
	GlobalSection(SolutionConfigurationPlatforms) = preSolution
		Debug|Any CPU = Debug|Any CPU
		Debug|x64 = Debug|x64
		Debug|x86 = Debug|x86
		Release|Any CPU = Release|Any CPU
		Release|x64 = Release|x64
		Release|x86 = Release|x86
	EndGlobalSection
	GlobalSection(ProjectConfigurationPlatforms) = postSolution
		{BA5F9853-28ED-4418-B687-2F2F1F1CF1B4}.Debug|Any CPU.ActiveCfg = Debug|Any CPU
		{BA5F9853-28ED-4418-B687-2F2F1F1CF1B4}.Debug|Any CPU.Build.0 = Debug|Any CPU
		{BA5F9853-28ED-4418-B687-2F2F1F1CF1B4}.Debug|x64.ActiveCfg = Debug|Any CPU
		{BA5F9853-28ED-4418-B687-2F2F1F1CF1B4}.Debug|x64.Build.0 = Debug|Any CPU
		{BA5F9853-28ED-4418-B687-2F2F1F1CF1B4}.Debug|x86.ActiveCfg = Debug|Any CPU
		{BA5F9853-28ED-4418-B687-2F2F1F1CF1B4}.Debug|x86.Build.0 = Debug|Any CPU
		{BA5F9853-28ED-4418-B687-2F2F1F1CF1B4}.Release|Any CPU.ActiveCfg = Release|Any CPU
		{BA5F9853-28ED-4418-B687-2F2F1F1CF1B4}.Release|Any CPU.Build.0 = Release|Any CPU
		{BA5F9853-28ED-4418-B687-2F2F1F1CF1B4}.Release|x64.ActiveCfg = Release|Any CPU
		{BA5F9853-28ED-4418-B687-2F2F1F1CF1B4}.Release|x64.Build.0 = Release|Any CPU
		{BA5F9853-28ED-4418-B687-2F2F1F1CF1B4}.Release|x86.ActiveCfg = Release|Any CPU
		{BA5F9853-28ED-4418-B687-2F2F1F1CF1B4}.Release|x86.Build.0 = Release|Any CPU
		{491F0C4B-63F7-445B-91C7-6D8160DEF958}.Debug|Any CPU.ActiveCfg = Debug|Any CPU
		{491F0C4B-63F7-445B-91C7-6D8160DEF958}.Debug|Any CPU.Build.0 = Debug|Any CPU
		{491F0C4B-63F7-445B-91C7-6D8160DEF958}.Debug|x64.ActiveCfg = Debug|Any CPU
		{491F0C4B-63F7-445B-91C7-6D8160DEF958}.Debug|x64.Build.0 = Debug|Any CPU
		{491F0C4B-63F7-445B-91C7-6D8160DEF958}.Debug|x86.ActiveCfg = Debug|Any CPU
		{491F0C4B-63F7-445B-91C7-6D8160DEF958}.Debug|x86.Build.0 = Debug|Any CPU
		{491F0C4B-63F7-445B-91C7-6D8160DEF958}.Release|Any CPU.ActiveCfg = Release|Any CPU
		{491F0C4B-63F7-445B-91C7-6D8160DEF958}.Release|Any CPU.Build.0 = Release|Any CPU
		{491F0C4B-63F7-445B-91C7-6D8160DEF958}.Release|x64.ActiveCfg = Release|Any CPU
		{491F0C4B-63F7-445B-91C7-6D8160DEF958}.Release|x64.Build.0 = Release|Any CPU
		{491F0C4B-63F7-445B-91C7-6D8160DEF958}.Release|x86.ActiveCfg = Release|Any CPU
		{491F0C4B-63F7-445B-91C7-6D8160DEF958}.Release|x86.Build.0 = Release|Any CPU
		{460E3324-6153-4F5B-876E-2E430C765F92}.Debug|Any CPU.ActiveCfg = Debug|Any CPU
		{460E3324-6153-4F5B-876E-2E430C765F92}.Debug|Any CPU.Build.0 = Debug|Any CPU
		{460E3324-6153-4F5B-876E-2E430C765F92}.Debug|x64.ActiveCfg = Debug|Any CPU
		{460E3324-6153-4F5B-876E-2E430C765F92}.Debug|x64.Build.0 = Debug|Any CPU
		{460E3324-6153-4F5B-876E-2E430C765F92}.Debug|x86.ActiveCfg = Debug|Any CPU
		{460E3324-6153-4F5B-876E-2E430C765F92}.Debug|x86.Build.0 = Debug|Any CPU
		{460E3324-6153-4F5B-876E-2E430C765F92}.Release|Any CPU.ActiveCfg = Release|Any CPU
		{460E3324-6153-4F5B-876E-2E430C765F92}.Release|Any CPU.Build.0 = Release|Any CPU
		{460E3324-6153-4F5B-876E-2E430C765F92}.Release|x64.ActiveCfg = Release|Any CPU
		{460E3324-6153-4F5B-876E-2E430C765F92}.Release|x64.Build.0 = Release|Any CPU
		{460E3324-6153-4F5B-876E-2E430C765F92}.Release|x86.ActiveCfg = Release|Any CPU
		{460E3324-6153-4F5B-876E-2E430C765F92}.Release|x86.Build.0 = Release|Any CPU
		{0E932ED1-672B-4CD2-9B07-2FBCC816A2BF}.Debug|Any CPU.ActiveCfg = Debug|Any CPU
		{0E932ED1-672B-4CD2-9B07-2FBCC816A2BF}.Debug|Any CPU.Build.0 = Debug|Any CPU
		{0E932ED1-672B-4CD2-9B07-2FBCC816A2BF}.Debug|x64.ActiveCfg = Debug|Any CPU
		{0E932ED1-672B-4CD2-9B07-2FBCC816A2BF}.Debug|x64.Build.0 = Debug|Any CPU
		{0E932ED1-672B-4CD2-9B07-2FBCC816A2BF}.Debug|x86.ActiveCfg = Debug|Any CPU
		{0E932ED1-672B-4CD2-9B07-2FBCC816A2BF}.Debug|x86.Build.0 = Debug|Any CPU
		{0E932ED1-672B-4CD2-9B07-2FBCC816A2BF}.Release|Any CPU.ActiveCfg = Release|Any CPU
		{0E932ED1-672B-4CD2-9B07-2FBCC816A2BF}.Release|Any CPU.Build.0 = Release|Any CPU
		{0E932ED1-672B-4CD2-9B07-2FBCC816A2BF}.Release|x64.ActiveCfg = Release|Any CPU
		{0E932ED1-672B-4CD2-9B07-2FBCC816A2BF}.Release|x64.Build.0 = Release|Any CPU
		{0E932ED1-672B-4CD2-9B07-2FBCC816A2BF}.Release|x86.ActiveCfg = Release|Any CPU
		{0E932ED1-672B-4CD2-9B07-2FBCC816A2BF}.Release|x86.Build.0 = Release|Any CPU
		{AB810333-1825-4E67-82B9-4FA84A9A3B25}.Debug|Any CPU.ActiveCfg = Debug|x64
		{AB810333-1825-4E67-82B9-4FA84A9A3B25}.Debug|Any CPU.Build.0 = Debug|x64
		{AB810333-1825-4E67-82B9-4FA84A9A3B25}.Debug|x64.ActiveCfg = Release|x64
		{AB810333-1825-4E67-82B9-4FA84A9A3B25}.Debug|x64.Build.0 = Release|x64
		{AB810333-1825-4E67-82B9-4FA84A9A3B25}.Debug|x86.ActiveCfg = Debug|Win32
		{AB810333-1825-4E67-82B9-4FA84A9A3B25}.Debug|x86.Build.0 = Debug|Win32
		{AB810333-1825-4E67-82B9-4FA84A9A3B25}.Release|Any CPU.ActiveCfg = Release|x64
		{AB810333-1825-4E67-82B9-4FA84A9A3B25}.Release|Any CPU.Build.0 = Release|x64
		{AB810333-1825-4E67-82B9-4FA84A9A3B25}.Release|x64.ActiveCfg = Release|x64
		{AB810333-1825-4E67-82B9-4FA84A9A3B25}.Release|x64.Build.0 = Release|x64
		{AB810333-1825-4E67-82B9-4FA84A9A3B25}.Release|x86.ActiveCfg = Release|Win32
		{AB810333-1825-4E67-82B9-4FA84A9A3B25}.Release|x86.Build.0 = Release|Win32
	EndGlobalSection
	GlobalSection(SolutionProperties) = preSolution
		HideSolutionNode = FALSE
	EndGlobalSection
	GlobalSection(ExtensibilityGlobals) = postSolution
		SolutionGuid = {4EEDD096-F4AD-4103-91D8-683BD3CD85D3}
	EndGlobalSection
EndGlobal
